
Microsoft Visual Studio Solution File, Format Version 12.00
# Visual Studio Version 17
VisualStudioVersion = 17.0.31903.59
MinimumVisualStudioVersion = 10.0.40219.1
Project("{2150E333-8FDC-42A3-9474-1A3956D46DE8}") = "src", "src", "{827E0CD3-B72D-47B6-A68D-7590B98EB39B}"
EndProject
Project("{2150E333-8FDC-42A3-9474-1A3956D46DE8}") = "Services", "Services", "{984BB9B3-3FA3-BE33-9484-CAC21695A33C}"
EndProject
Project("{2150E333-8FDC-42A3-9474-1A3956D46DE8}") = "Label", "Label", "{4EBA0774-B56A-D7EC-DD23-1FE08E1807E3}"
EndProject
Project("{FAE04EC0-301F-11D3-BF4B-00C04F79EFBC}") = "TodoApp.Services.Label", "src\Services\Label\TodoApp.Services.Label\TodoApp.Services.Label.csproj", "{A25E2690-7AE3-4A82-9FB7-6FC613DDBE24}"
EndProject
Project("{2150E333-8FDC-42A3-9474-1A3956D46DE8}") = "tests", "tests", "{0AB3BF05-4346-4AA6-1389-037BE0695223}"
EndProject
Project("{2150E333-8FDC-42A3-9474-1A3956D46DE8}") = "Task.Tests", "Task.Tests", "{41432CCE-430E-7CF9-7B7B-386057BDEBEA}"
EndProject
Project("{FAE04EC0-301F-11D3-BF4B-00C04F79EFBC}") = "TodoApp.Services.Task.Tests", "tests\Task.Tests\TodoApp.Services.Task.Tests\TodoApp.Services.Task.Tests.csproj", "{89386051-289A-483F-A669-9AC8BE143C9B}"
EndProject
Project("{2150E333-8FDC-42A3-9474-1A3956D46DE8}") = "File.Tests", "File.Tests", "{D9582849-9A0F-2533-0920-A9998557FE92}"
EndProject
Project("{FAE04EC0-301F-11D3-BF4B-00C04F79EFBC}") = "TodoApp.Services.File.Tests", "tests\File.Tests\TodoApp.Services.File.Tests\TodoApp.Services.File.Tests.csproj", "{590341EE-96F5-437B-A459-D71018A4CC80}"
EndProject
Project("{2150E333-8FDC-42A3-9474-1A3956D46DE8}") = "Task", "Task", "{FA3FA135-E556-ABE6-1C98-16301F32AE9B}"
EndProject
Project("{FAE04EC0-301F-11D3-BF4B-00C04F79EFBC}") = "TodoApp.Services.Task", "src\Services\Task\TodoApp.Services.Task\TodoApp.Services.Task.csproj", "{A697F71A-2668-4CE7-B1DE-94AF322C3F04}"
EndProject
Project("{FAE04EC0-301F-11D3-BF4B-00C04F79EFBC}") = "TodoApp.Services.File", "src\Services\File\TodoApp.Services.File\TodoApp.Services.File.csproj", "{F91B03B8-C1F5-4B95-AB3D-A051A409965D}"
EndProject
Project("{FAE04EC0-301F-11D3-BF4B-00C04F79EFBC}") = "TodoApp.Shared", "src\Shared\TodoApp.Shared\TodoApp.Shared.csproj", "{C7CD8F5C-7E82-441F-B8A7-96947011B26B}"
EndProject
Project("{FAE04EC0-301F-11D3-BF4B-00C04F79EFBC}") = "TodoApp.Services.Label.Tests", "tests\Label.Tests\TodoApp.Services.Label.Tests\TodoApp.Services.Label.Tests.csproj", "{305673EB-864C-479D-8738-E6D2FC09D230}"
EndProject
Project("{2150E333-8FDC-42A3-9474-1A3956D46DE8}") = "Frontend", "Frontend", "{42299874-777B-F2D0-9D08-D24097ABCE7E}"
EndProject
Project("{FAE04EC0-301F-11D3-BF4B-00C04F79EFBC}") = "TodoApp.Frontend", "src\Frontend\TodoApp.Frontend\TodoApp.Frontend.csproj", "{AF538476-9098-4AD8-9530-3A5A4A98F6D0}"
EndProject
Global
	GlobalSection(SolutionConfigurationPlatforms) = preSolution
		Debug|Any CPU = Debug|Any CPU
		Debug|x64 = Debug|x64
		Debug|x86 = Debug|x86
		Release|Any CPU = Release|Any CPU
		Release|x64 = Release|x64
		Release|x86 = Release|x86
	EndGlobalSection
	GlobalSection(ProjectConfigurationPlatforms) = postSolution
		{A25E2690-7AE3-4A82-9FB7-6FC613DDBE24}.Debug|Any CPU.ActiveCfg = Debug|Any CPU
		{A25E2690-7AE3-4A82-9FB7-6FC613DDBE24}.Debug|Any CPU.Build.0 = Debug|Any CPU
		{A25E2690-7AE3-4A82-9FB7-6FC613DDBE24}.Debug|x64.ActiveCfg = Debug|Any CPU
		{A25E2690-7AE3-4A82-9FB7-6FC613DDBE24}.Debug|x64.Build.0 = Debug|Any CPU
		{A25E2690-7AE3-4A82-9FB7-6FC613DDBE24}.Debug|x86.ActiveCfg = Debug|Any CPU
		{A25E2690-7AE3-4A82-9FB7-6FC613DDBE24}.Debug|x86.Build.0 = Debug|Any CPU
		{A25E2690-7AE3-4A82-9FB7-6FC613DDBE24}.Release|Any CPU.ActiveCfg = Release|Any CPU
		{A25E2690-7AE3-4A82-9FB7-6FC613DDBE24}.Release|Any CPU.Build.0 = Release|Any CPU
		{A25E2690-7AE3-4A82-9FB7-6FC613DDBE24}.Release|x64.ActiveCfg = Release|Any CPU
		{A25E2690-7AE3-4A82-9FB7-6FC613DDBE24}.Release|x64.Build.0 = Release|Any CPU
		{A25E2690-7AE3-4A82-9FB7-6FC613DDBE24}.Release|x86.ActiveCfg = Release|Any CPU
		{A25E2690-7AE3-4A82-9FB7-6FC613DDBE24}.Release|x86.Build.0 = Release|Any CPU
		{89386051-289A-483F-A669-9AC8BE143C9B}.Debug|Any CPU.ActiveCfg = Debug|Any CPU
		{89386051-289A-483F-A669-9AC8BE143C9B}.Debug|Any CPU.Build.0 = Debug|Any CPU
		{89386051-289A-483F-A669-9AC8BE143C9B}.Debug|x64.ActiveCfg = Debug|Any CPU
		{89386051-289A-483F-A669-9AC8BE143C9B}.Debug|x64.Build.0 = Debug|Any CPU
		{89386051-289A-483F-A669-9AC8BE143C9B}.Debug|x86.ActiveCfg = Debug|Any CPU
		{89386051-289A-483F-A669-9AC8BE143C9B}.Debug|x86.Build.0 = Debug|Any CPU
		{89386051-289A-483F-A669-9AC8BE143C9B}.Release|Any CPU.ActiveCfg = Release|Any CPU
		{89386051-289A-483F-A669-9AC8BE143C9B}.Release|Any CPU.Build.0 = Release|Any CPU
		{89386051-289A-483F-A669-9AC8BE143C9B}.Release|x64.ActiveCfg = Release|Any CPU
		{89386051-289A-483F-A669-9AC8BE143C9B}.Release|x64.Build.0 = Release|Any CPU
		{89386051-289A-483F-A669-9AC8BE143C9B}.Release|x86.ActiveCfg = Release|Any CPU
		{89386051-289A-483F-A669-9AC8BE143C9B}.Release|x86.Build.0 = Release|Any CPU
		{590341EE-96F5-437B-A459-D71018A4CC80}.Debug|Any CPU.ActiveCfg = Debug|Any CPU
		{590341EE-96F5-437B-A459-D71018A4CC80}.Debug|Any CPU.Build.0 = Debug|Any CPU
		{590341EE-96F5-437B-A459-D71018A4CC80}.Debug|x64.ActiveCfg = Debug|Any CPU
		{590341EE-96F5-437B-A459-D71018A4CC80}.Debug|x64.Build.0 = Debug|Any CPU
		{590341EE-96F5-437B-A459-D71018A4CC80}.Debug|x86.ActiveCfg = Debug|Any CPU
		{590341EE-96F5-437B-A459-D71018A4CC80}.Debug|x86.Build.0 = Debug|Any CPU
		{590341EE-96F5-437B-A459-D71018A4CC80}.Release|Any CPU.ActiveCfg = Release|Any CPU
		{590341EE-96F5-437B-A459-D71018A4CC80}.Release|Any CPU.Build.0 = Release|Any CPU
		{590341EE-96F5-437B-A459-D71018A4CC80}.Release|x64.ActiveCfg = Release|Any CPU
		{590341EE-96F5-437B-A459-D71018A4CC80}.Release|x64.Build.0 = Release|Any CPU
		{590341EE-96F5-437B-A459-D71018A4CC80}.Release|x86.ActiveCfg = Release|Any CPU
		{590341EE-96F5-437B-A459-D71018A4CC80}.Release|x86.Build.0 = Release|Any CPU
		{A697F71A-2668-4CE7-B1DE-94AF322C3F04}.Debug|Any CPU.ActiveCfg = Debug|Any CPU
		{A697F71A-2668-4CE7-B1DE-94AF322C3F04}.Debug|Any CPU.Build.0 = Debug|Any CPU
		{A697F71A-2668-4CE7-B1DE-94AF322C3F04}.Debug|x64.ActiveCfg = Debug|Any CPU
		{A697F71A-2668-4CE7-B1DE-94AF322C3F04}.Debug|x64.Build.0 = Debug|Any CPU
		{A697F71A-2668-4CE7-B1DE-94AF322C3F04}.Debug|x86.ActiveCfg = Debug|Any CPU
		{A697F71A-2668-4CE7-B1DE-94AF322C3F04}.Debug|x86.Build.0 = Debug|Any CPU
		{A697F71A-2668-4CE7-B1DE-94AF322C3F04}.Release|Any CPU.ActiveCfg = Release|Any CPU
		{A697F71A-2668-4CE7-B1DE-94AF322C3F04}.Release|Any CPU.Build.0 = Release|Any CPU
		{A697F71A-2668-4CE7-B1DE-94AF322C3F04}.Release|x64.ActiveCfg = Release|Any CPU
		{A697F71A-2668-4CE7-B1DE-94AF322C3F04}.Release|x64.Build.0 = Release|Any CPU
		{A697F71A-2668-4CE7-B1DE-94AF322C3F04}.Release|x86.ActiveCfg = Release|Any CPU
		{A697F71A-2668-4CE7-B1DE-94AF322C3F04}.Release|x86.Build.0 = Release|Any CPU
		{F91B03B8-C1F5-4B95-AB3D-A051A409965D}.Debug|Any CPU.ActiveCfg = Debug|Any CPU
		{F91B03B8-C1F5-4B95-AB3D-A051A409965D}.Debug|Any CPU.Build.0 = Debug|Any CPU
		{F91B03B8-C1F5-4B95-AB3D-A051A409965D}.Debug|x64.ActiveCfg = Debug|Any CPU
		{F91B03B8-C1F5-4B95-AB3D-A051A409965D}.Debug|x64.Build.0 = Debug|Any CPU
		{F91B03B8-C1F5-4B95-AB3D-A051A409965D}.Debug|x86.ActiveCfg = Debug|Any CPU
		{F91B03B8-C1F5-4B95-AB3D-A051A409965D}.Debug|x86.Build.0 = Debug|Any CPU
		{F91B03B8-C1F5-4B95-AB3D-A051A409965D}.Release|Any CPU.ActiveCfg = Release|Any CPU
		{F91B03B8-C1F5-4B95-AB3D-A051A409965D}.Release|Any CPU.Build.0 = Release|Any CPU
		{F91B03B8-C1F5-4B95-AB3D-A051A409965D}.Release|x64.ActiveCfg = Release|Any CPU
		{F91B03B8-C1F5-4B95-AB3D-A051A409965D}.Release|x64.Build.0 = Release|Any CPU
		{F91B03B8-C1F5-4B95-AB3D-A051A409965D}.Release|x86.ActiveCfg = Release|Any CPU
		{F91B03B8-C1F5-4B95-AB3D-A051A409965D}.Release|x86.Build.0 = Release|Any CPU
		{C7CD8F5C-7E82-441F-B8A7-96947011B26B}.Debug|Any CPU.ActiveCfg = Debug|Any CPU
		{C7CD8F5C-7E82-441F-B8A7-96947011B26B}.Debug|Any CPU.Build.0 = Debug|Any CPU
		{C7CD8F5C-7E82-441F-B8A7-96947011B26B}.Debug|x64.ActiveCfg = Debug|Any CPU
		{C7CD8F5C-7E82-441F-B8A7-96947011B26B}.Debug|x64.Build.0 = Debug|Any CPU
		{C7CD8F5C-7E82-441F-B8A7-96947011B26B}.Debug|x86.ActiveCfg = Debug|Any CPU
		{C7CD8F5C-7E82-441F-B8A7-96947011B26B}.Debug|x86.Build.0 = Debug|Any CPU
		{C7CD8F5C-7E82-441F-B8A7-96947011B26B}.Release|Any CPU.ActiveCfg = Release|Any CPU
		{C7CD8F5C-7E82-441F-B8A7-96947011B26B}.Release|Any CPU.Build.0 = Release|Any CPU
		{C7CD8F5C-7E82-441F-B8A7-96947011B26B}.Release|x64.ActiveCfg = Release|Any CPU
		{C7CD8F5C-7E82-441F-B8A7-96947011B26B}.Release|x64.Build.0 = Release|Any CPU
		{C7CD8F5C-7E82-441F-B8A7-96947011B26B}.Release|x86.ActiveCfg = Release|Any CPU
		{C7CD8F5C-7E82-441F-B8A7-96947011B26B}.Release|x86.Build.0 = Release|Any CPU
		{305673EB-864C-479D-8738-E6D2FC09D230}.Debug|Any CPU.ActiveCfg = Debug|Any CPU
		{305673EB-864C-479D-8738-E6D2FC09D230}.Debug|Any CPU.Build.0 = Debug|Any CPU
		{305673EB-864C-479D-8738-E6D2FC09D230}.Debug|x64.ActiveCfg = Debug|Any CPU
		{305673EB-864C-479D-8738-E6D2FC09D230}.Debug|x64.Build.0 = Debug|Any CPU
		{305673EB-864C-479D-8738-E6D2FC09D230}.Debug|x86.ActiveCfg = Debug|Any CPU
		{305673EB-864C-479D-8738-E6D2FC09D230}.Debug|x86.Build.0 = Debug|Any CPU
		{305673EB-864C-479D-8738-E6D2FC09D230}.Release|Any CPU.ActiveCfg = Release|Any CPU
		{305673EB-864C-479D-8738-E6D2FC09D230}.Release|Any CPU.Build.0 = Release|Any CPU
		{305673EB-864C-479D-8738-E6D2FC09D230}.Release|x64.ActiveCfg = Release|Any CPU
		{305673EB-864C-479D-8738-E6D2FC09D230}.Release|x64.Build.0 = Release|Any CPU
		{305673EB-864C-479D-8738-E6D2FC09D230}.Release|x86.ActiveCfg = Release|Any CPU
		{305673EB-864C-479D-8738-E6D2FC09D230}.Release|x86.Build.0 = Release|Any CPU
		{AF538476-9098-4AD8-9530-3A5A4A98F6D0}.Debug|Any CPU.ActiveCfg = Debug|Any CPU
		{AF538476-9098-4AD8-9530-3A5A4A98F6D0}.Debug|Any CPU.Build.0 = Debug|Any CPU
		{AF538476-9098-4AD8-9530-3A5A4A98F6D0}.Debug|x64.ActiveCfg = Debug|Any CPU
		{AF538476-9098-4AD8-9530-3A5A4A98F6D0}.Debug|x64.Build.0 = Debug|Any CPU
		{AF538476-9098-4AD8-9530-3A5A4A98F6D0}.Debug|x86.ActiveCfg = Debug|Any CPU
		{AF538476-9098-4AD8-9530-3A5A4A98F6D0}.Debug|x86.Build.0 = Debug|Any CPU
		{AF538476-9098-4AD8-9530-3A5A4A98F6D0}.Release|Any CPU.ActiveCfg = Release|Any CPU
		{AF538476-9098-4AD8-9530-3A5A4A98F6D0}.Release|Any CPU.Build.0 = Release|Any CPU
		{AF538476-9098-4AD8-9530-3A5A4A98F6D0}.Release|x64.ActiveCfg = Release|Any CPU
		{AF538476-9098-4AD8-9530-3A5A4A98F6D0}.Release|x64.Build.0 = Release|Any CPU
		{AF538476-9098-4AD8-9530-3A5A4A98F6D0}.Release|x86.ActiveCfg = Release|Any CPU
		{AF538476-9098-4AD8-9530-3A5A4A98F6D0}.Release|x86.Build.0 = Release|Any CPU
	EndGlobalSection
	GlobalSection(SolutionProperties) = preSolution
		HideSolutionNode = FALSE
	EndGlobalSection
	GlobalSection(NestedProjects) = preSolution
		{984BB9B3-3FA3-BE33-9484-CAC21695A33C} = {827E0CD3-B72D-47B6-A68D-7590B98EB39B}
		{4EBA0774-B56A-D7EC-DD23-1FE08E1807E3} = {984BB9B3-3FA3-BE33-9484-CAC21695A33C}
		{A25E2690-7AE3-4A82-9FB7-6FC613DDBE24} = {4EBA0774-B56A-D7EC-DD23-1FE08E1807E3}
		{41432CCE-430E-7CF9-7B7B-386057BDEBEA} = {0AB3BF05-4346-4AA6-1389-037BE0695223}
		{89386051-289A-483F-A669-9AC8BE143C9B} = {41432CCE-430E-7CF9-7B7B-386057BDEBEA}
		{D9582849-9A0F-2533-0920-A9998557FE92} = {0AB3BF05-4346-4AA6-1389-037BE0695223}
		{590341EE-96F5-437B-A459-D71018A4CC80} = {D9582849-9A0F-2533-0920-A9998557FE92}
		{FA3FA135-E556-ABE6-1C98-16301F32AE9B} = {984BB9B3-3FA3-BE33-9484-CAC21695A33C}
		{A697F71A-2668-4CE7-B1DE-94AF322C3F04} = {FA3FA135-E556-ABE6-1C98-16301F32AE9B}
		{F91B03B8-C1F5-4B95-AB3D-A051A409965D} = {FA3FA135-E556-ABE6-1C98-16301F32AE9B}
		{C7CD8F5C-7E82-441F-B8A7-96947011B26B} = {FA3FA135-E556-ABE6-1C98-16301F32AE9B}
		{305673EB-864C-479D-8738-E6D2FC09D230} = {FA3FA135-E556-ABE6-1C98-16301F32AE9B}
		{42299874-777B-F2D0-9D08-D24097ABCE7E} = {827E0CD3-B72D-47B6-A68D-7590B98EB39B}
		{AF538476-9098-4AD8-9530-3A5A4A98F6D0} = {42299874-777B-F2D0-9D08-D24097ABCE7E}
	EndGlobalSection
EndGlobal
